[{<<"base64url">>,{pkg,<<"base64url">>,<<"0.0.1">>},1},
 {<<"bullet">>,
  {git,"https://github.com/ninenines/bullet.git",
       {ref,"a56f819f21dbafdb6ffa41d60a22fb42f4645cd2"}},
  0},
 {<<"cowboy">>,
  {git,"git://github.com/extend/cowboy.git",
       {ref,"3d9078018d7f0a83a359b70c698d35e35fbb94f9"}},
  1},
 {<<"cowlib">>,
  {git,"git://github.com/ninenines/cowlib.git",
       {ref,"d544a494af4dbc810fc9c15eaf5cc050cced1501"}},
  2},
 {<<"epgsql">>,
  {git,"git://github.com/epgsql/epgsql.git",
       {ref,"b4bbfdabbeef91ea2586fb00518e7595af24df49"}},
  1},
 {<<"eql">>,{pkg,<<"eql">>,<<"0.1.2">>},0},
 {<<"goldrush">>,{pkg,<<"goldrush">>,<<"0.1.8">>},1},
 {<<"gproc">>,{pkg,<<"gproc">>,<<"0.5.0">>},0},
 {<<"jsx">>,{pkg,<<"jsx">>,<<"2.8.0">>},0},
 {<<"jwt">>,{pkg,<<"jwt">>,<<"0.1.2">>},0},
 {<<"lager">>,{pkg,<<"lager">>,<<"3.2.0">>},0},
 {<<"mochiweb">>,
  {git,"git://github.com/mochi/mochiweb.git",
       {ref,"5ed5ee18699e63843e2a0a548edee7694d9d6785"}},
  1},
 {<<"mochiweb_xpath">>,
  {git,"https://github.com/seriyps/mochiweb_xpath.git",
       {ref,"ccea7319e88281f6274b6fce617278c434bac56f"}},
  0},
 {<<"pgapp">>,
  {git,"https://github.com/epgsql/pgapp",
       {ref,"7183895ba8a30a8707ee5b197e64e24f1870a2d9"}},
  0},
 {<<"poolboy">>,
  {git,"git://github.com/devinus/poolboy.git",
       {ref,"fa87a6e51534d02c04a118a2f037d0ff296f2309"}},
  1},
 {<<"ranch">>,
  {git,"git://github.com/ninenines/ranch.git",
       {ref,"adf1822defc2b7cfdc7aca112adabfa1d614043c"}},
  2}].
